// !$*UTF8*$!
{
	archiveVersion = 1;
	classes = {
	};
	objectVersion = 46;
	objects = {

/* Begin PBXBuildFile section */
		E66FBBD21A1D988B0099FA40 /* AppDelegate.swift in Sources */ = {isa = PBXBuildFile; fileRef = E66FBBD11A1D988B0099FA40 /* AppDelegate.swift */; };
		E66FBBD41A1D988B0099FA40 /* ViewController.swift in Sources */ = {isa = PBXBuildFile; fileRef = E66FBBD31A1D988B0099FA40 /* ViewController.swift */; };
		E66FBBD71A1D988B0099FA40 /* Main.storyboard in Resources */ = {isa = PBXBuildFile; fileRef = E66FBBD51A1D988B0099FA40 /* Main.storyboard */; };
		E66FBBD91A1D988B0099FA40 /* Images.xcassets in Resources */ = {isa = PBXBuildFile; fileRef = E66FBBD81A1D988B0099FA40 /* Images.xcassets */; };
		E66FBBDC1A1D988B0099FA40 /* LaunchScreen.xib in Resources */ = {isa = PBXBuildFile; fileRef = E66FBBDA1A1D988B0099FA40 /* LaunchScreen.xib */; };
		E66FBBE81A1D988B0099FA40 /* V2EX_iOSTests.swift in Sources */ = {isa = PBXBuildFile; fileRef = E66FBBE71A1D988B0099FA40 /* V2EX_iOSTests.swift */; };
/* End PBXBuildFile section */

/* Begin PBXContainerItemProxy section */
		E66FBBE21A1D988B0099FA40 /* PBXContainerItemProxy */ = {
			isa = PBXContainerItemProxy;
			containerPortal = E66FBBC41A1D988B0099FA40 /* Project object */;
			proxyType = 1;
			remoteGlobalIDString = E66FBBCB1A1D988B0099FA40;
			remoteInfo = V2EX_iOS;
		};
/* End PBXContainerItemProxy section */

/* Begin PBXFileReference section */
		E66FBBCC1A1D988B0099FA40 /* V2EX_iOS.app */ = {isa = PBXFileReference; explicitFileType = wrapper.application; includeInIndex = 0; path = V2EX_iOS.app; sourceTree = BUILT_PRODUCTS_DIR; };
		E66FBBD01A1D988B0099FA40 /* Info.plist */ = {isa = PBXFileReference; lastKnownFileType = text.plist.xml; path = Info.plist; sourceTree = "<group>"; };
		E66FBBD11A1D988B0099FA40 /* AppDelegate.swift */ = {isa = PBXFileReference; lastKnownFileType = sourcecode.swift; path = AppDelegate.swift; sourceTree = "<group>"; };
		E66FBBD31A1D988B0099FA40 /* ViewController.swift */ = {isa = PBXFileReference; lastKnownFileType = sourcecode.swift; path = ViewController.swift; sourceTree = "<group>"; };
		E66FBBD61A1D988B0099FA40 /* Base */ = {isa = PBXFileReference; lastKnownFileType = file.storyboard; name = Base; path = Base.lproj/Main.storyboard; sourceTree = "<group>"; };
		E66FBBD81A1D988B0099FA40 /* Images.xcassets */ = {isa = PBXFileReference; lastKnownFileType = folder.assetcatalog; path = Images.xcassets; sourceTree = "<group>"; };
		E66FBBDB1A1D988B0099FA40 /* Base */ = {isa = PBXFileReference; lastKnownFileType = file.xib; name = Base; path = Base.lproj/LaunchScreen.xib; sourceTree = "<group>"; };
		E66FBBE11A1D988B0099FA40 /* V2EX_iOSTests.xctest */ = {isa = PBXFileReference; explicitFileType = wrapper.cfbundle; includeInIndex = 0; path = V2EX_iOSTests.xctest; sourceTree = BUILT_PRODUCTS_DIR; };
		E66FBBE61A1D988B0099FA40 /* Info.plist */ = {isa = PBXFileReference; lastKnownFileType = text.plist.xml; path = Info.plist; sourceTree = "<group>"; };
		E66FBBE71A1D988B0099FA40 /* V2EX_iOSTests.swift */ = {isa = PBXFileReference; lastKnownFileType = sourcecode.swift; path = V2EX_iOSTests.swift; sourceTree = "<group>"; };
/* End PBXFileReference section */

/* Begin PBXFrameworksBuildPhase section */
		E66FBBC91A1D988B0099FA40 /* Frameworks */ = {
			isa = PBXFrameworksBuildPhase;
			buildActionMask = 2147483647;
			files = (
			);
			runOnlyForDeploymentPostprocessing = 0;
		};
		E66FBBDE1A1D988B0099FA40 /* Frameworks */ = {
			isa = PBXFrameworksBuildPhase;
			buildActionMask = 2147483647;
			files = (
			);
			runOnlyForDeploymentPostprocessing = 0;
		};
/* End PBXFrameworksBuildPhase section */

/* Begin PBXGroup section */
		E66FBBC31A1D988B0099FA40 = {
			isa = PBXGroup;
			children = (
				E66FBBCE1A1D988B0099FA40 /* V2EX_iOS */,
				E66FBBE41A1D988B0099FA40 /* V2EX_iOSTests */,
				E66FBBCD1A1D988B0099FA40 /* Products */,
			);
			sourceTree = "<group>";
		};
		E66FBBCD1A1D988B0099FA40 /* Products */ = {
			isa = PBXGroup;
			children = (
				E66FBBCC1A1D988B0099FA40 /* V2EX_iOS.app */,
				E66FBBE11A1D988B0099FA40 /* V2EX_iOSTests.xctest */,
			);
			name = Products;
			sourceTree = "<group>";
		};
		E66FBBCE1A1D988B0099FA40 /* V2EX_iOS */ = {
			isa = PBXGroup;
			children = (
				E66FBBD11A1D988B0099FA40 /* AppDelegate.swift */,
				E66FBBD31A1D988B0099FA40 /* ViewController.swift */,
				E66FBBD51A1D988B0099FA40 /* Main.storyboard */,
				E66FBBD81A1D988B0099FA40 /* Images.xcassets */,
				E66FBBDA1A1D988B0099FA40 /* LaunchScreen.xib */,
				E66FBBCF1A1D988B0099FA40 /* Supporting Files */,
			);
			path = V2EX_iOS;
			sourceTree = "<group>";
		};
		E66FBBCF1A1D988B0099FA40 /* Supporting Files */ = {
			isa = PBXGroup;
			children = (
				E66FBBD01A1D988B0099FA40 /* Info.plist */,
			);
			name = "Supporting Files";
			sourceTree = "<group>";
		};
		E66FBBE41A1D988B0099FA40 /* V2EX_iOSTests */ = {
			isa = PBXGroup;
			children = (
				E66FBBE71A1D988B0099FA40 /* V2EX_iOSTests.swift */,
				E66FBBE51A1D988B0099FA40 /* Supporting Files */,
			);
			path = V2EX_iOSTests;
			sourceTree = "<group>";
		};
		E66FBBE51A1D988B0099FA40 /* Supporting Files */ = {
			isa = PBXGroup;
			children = (
				E66FBBE61A1D988B0099FA40 /* Info.plist */,
			);
			name = "Supporting Files";
			sourceTree = "<group>";
		};
/* End PBXGroup section */

/* Begin PBXNativeTarget section */
		E66FBBCB1A1D988B0099FA40 /* V2EX_iOS */ = {
			isa = PBXNativeTarget;
			buildConfigurationList = E66FBBEB1A1D988B0099FA40 /* Build configuration list for PBXNativeTarget "V2EX_iOS" */;
			buildPhases = (
				E66FBBC81A1D988B0099FA40 /* Sources */,
				E66FBBC91A1D988B0099FA40 /* Frameworks */,
				E66FBBCA1A1D988B0099FA40 /* Resources */,
			);
			buildRules = (
			);
			dependencies = (
			);
			name = V2EX_iOS;
			productName = V2EX_iOS;
			productReference = E66FBBCC1A1D988B0099FA40 /* V2EX_iOS.app */;
			productType = "com.apple.product-type.application";
		};
		E66FBBE01A1D988B0099FA40 /* V2EX_iOSTests */ = {
			isa = PBXNativeTarget;
			buildConfigurationList = E66FBBEE1A1D988B0099FA40 /* Build configuration list for PBXNativeTarget "V2EX_iOSTests" */;
			buildPhases = (
				E66FBBDD1A1D988B0099FA40 /* Sources */,
				E66FBBDE1A1D988B0099FA40 /* Frameworks */,
				E66FBBDF1A1D988B0099FA40 /* Resources */,
			);
			buildRules = (
			);
			dependencies = (
				E66FBBE31A1D988B0099FA40 /* PBXTargetDependency */,
			);
			name = V2EX_iOSTests;
			productName = V2EX_iOSTests;
			productReference = E66FBBE11A1D988B0099FA40 /* V2EX_iOSTests.xctest */;
			productType = "com.apple.product-type.bundle.unit-test";
		};
/* End PBXNativeTarget section */

/* Begin PBXProject section */
		E66FBBC41A1D988B0099FA40 /* Project object */ = {
			isa = PBXProject;
			attributes = {
				LastUpgradeCheck = 0620;
				ORGANIZATIONNAME = CyonLeu;
				TargetAttributes = {
					E66FBBCB1A1D988B0099FA40 = {
						CreatedOnToolsVersion = 6.2;
					};
					E66FBBE01A1D988B0099FA40 = {
						CreatedOnToolsVersion = 6.2;
						TestTargetID = E66FBBCB1A1D988B0099FA40;
					};
				};
			};
			buildConfigurationList = E66FBBC71A1D988B0099FA40 /* Build configuration list for PBXProject "V2EX_iOS" */;
			compatibilityVersion = "Xcode 3.2";
			developmentRegion = English;
			hasScannedForEncodings = 0;
			knownRegions = (
				en,
				Base,
			);
			mainGroup = E66FBBC31A1D988B0099FA40;
			productRefGroup = E66FBBCD1A1D988B0099FA40 /* Products */;
			projectDirPath = "";
			projectRoot = "";
			targets = (
				E66FBBCB1A1D988B0099FA40 /* V2EX_iOS */,
				E66FBBE01A1D988B0099FA40 /* V2EX_iOSTests */,
			);
		};
/* End PBXProject section */

/* Begin PBXResourcesBuildPhase section */
		E66FBBCA1A1D988B0099FA40 /* Resources */ = {
			isa = PBXResourcesBuildPhase;
			buildActionMask = 2147483647;
			files = (
				E66FBBD71A1D988B0099FA40 /* Main.storyboard in Resources */,
				E66FBBDC1A1D988B0099FA40 /* LaunchScreen.xib in Resources */,
				E66FBBD91A1D988B0099FA40 /* Images.xcassets in Resources */,
			);
			runOnlyForDeploymentPostprocessing = 0;
		};
		E66FBBDF1A1D988B0099FA40 /* Resources */ = {
			isa = PBXResourcesBuildPhase;
			buildActionMask = 2147483647;
			files = (
			);
			runOnlyForDeploymentPostprocessing = 0;
		};
/* End PBXResourcesBuildPhase section */

/* Begin PBXSourcesBuildPhase section */
		E66FBBC81A1D988B0099FA40 /* Sources */ = {
			isa = PBXSourcesBuildPhase;
			buildActionMask = 2147483647;
			files = (
				E66FBBD41A1D988B0099FA40 /* ViewController.swift in Sources */,
				E66FBBD21A1D988B0099FA40 /* AppDelegate.swift in Sources */,
			);
			runOnlyForDeploymentPostprocessing = 0;
		};
		E66FBBDD1A1D988B0099FA40 /* Sources */ = {
			isa = PBXSourcesBuildPhase;
			buildActionMask = 2147483647;
			files = (
				E66FBBE81A1D988B0099FA40 /* V2EX_iOSTests.swift in Sources */,
			);
			runOnlyForDeploymentPostprocessing = 0;
		};
/* End PBXSourcesBuildPhase section */

/* Begin PBXTargetDependency section */
		E66FBBE31A1D988B0099FA40 /* PBXTargetDependency */ = {
			isa = PBXTargetDependency;
			target = E66FBBCB1A1D988B0099FA40 /* V2EX_iOS */;
			targetProxy = E66FBBE21A1D988B0099FA40 /* PBXContainerItemProxy */;
		};
/* End PBXTargetDependency section */

/* Begin PBXVariantGroup section */
		E66FBBD51A1D988B0099FA40 /* Main.storyboard */ = {
			isa = PBXVariantGroup;
			children = (
				E66FBBD61A1D988B0099FA40 /* Base */,
			);
			name = Main.storyboard;
			sourceTree = "<group>";
		};
		E66FBBDA1A1D988B0099FA40 /* LaunchScreen.xib */ = {
			isa = PBXVariantGroup;
			children = (
				E66FBBDB1A1D988B0099FA40 /* Base */,
			);
			name = LaunchScreen.xib;
			sourceTree = "<group>";
		};
/* End PBXVariantGroup section */

/* Begin XCBuildConfiguration section */
		E66FBBE91A1D988B0099FA40 /* Debug */ = {
			isa = XCBuildConfiguration;
			buildSettings = {
				ALWAYS_SEARCH_USER_PATHS = NO;
				CLANG_CXX_LANGUAGE_STANDARD = "gnu++0x";
				CLANG_CXX_LIBRARY = "libc++";
				CLANG_ENABLE_MODULES = YES;
				CLANG_ENABLE_OBJC_ARC = YES;
				CLANG_WARN_BOOL_CONVERSION = YES;
				CLANG_WARN_CONSTANT_CONVERSION = YES;
				CLANG_WARN_DIRECT_OBJC_ISA_USAGE = YES_ERROR;
				CLANG_WARN_EMPTY_BODY = YES;
				CLANG_WARN_ENUM_CONVERSION = YES;
				CLANG_WARN_INT_CONVERSION = YES;
				CLANG_WARN_OBJC_ROOT_CLASS = YES_ERROR;
				CLANG_WARN_UNREACHABLE_CODE = YES;
				CLANG_WARN__DUPLICATE_METHOD_MATCH = YES;
				"CODE_SIGN_IDENTITY[sdk=iphoneos*]" = "iPhone Developer";
				COPY_PHASE_STRIP = NO;
				ENABLE_STRICT_OBJC_MSGSEND = YES;
				GCC_C_LANGUAGE_STANDARD = gnu99;
				GCC_DYNAMIC_NO_PIC = NO;
				GCC_OPTIMIZATION_LEVEL = 0;
				GCC_PREPROCESSOR_DEFINITIONS = (
					"DEBUG=1",
					"$(inherited)",
				);
				GCC_SYMBOLS_PRIVATE_EXTERN = NO;
				GCC_WARN_64_TO_32_BIT_CONVERSION = YES;
				GCC_WARN_ABOUT_RETURN_TYPE = YES_ERROR;
				GCC_WARN_UNDECLARED_SELECTOR = YES;
				GCC_WARN_UNINITIALIZED_AUTOS = YES_AGGRESSIVE;
				GCC_WARN_UNUSED_FUNCTION = YES;
				GCC_WARN_UNUSED_VARIABLE = YES;
				IPHONEOS_DEPLOYMENT_TARGET = 8.2;
				MTL_ENABLE_DEBUG_INFO = YES;
				ONLY_ACTIVE_ARCH = YES;
				SDKROOT = iphoneos;
				SWIFT_OPTIMIZATION_LEVEL = "-Onone";
				TARGETED_DEVICE_FAMILY = "1,2";
			};
			name = Debug;
		};
		E66FBBEA1A1D988B0099FA40 /* Release */ = {
			isa = XCBuildConfiguration;
			buildSettings = {
				ALWAYS_SEARCH_USER_PATHS = NO;
				CLANG_CXX_LANGUAGE_STANDARD = "gnu++0x";
				CLANG_CXX_LIBRARY = "libc++";
				CLANG_ENABLE_MODULES = YES;
				CLANG_ENABLE_OBJC_ARC = YES;
				CLANG_WARN_BOOL_CONVERSION = YES;
				CLANG_WARN_CONSTANT_CONVERSION = YES;
				CLANG_WARN_DIRECT_OBJC_ISA_USAGE = YES_ERROR;
				CLANG_WARN_EMPTY_BODY = YES;
				CLANG_WARN_ENUM_CONVERSION = YES;
				CLANG_WARN_INT_CONVERSION = YES;
				CLANG_WARN_OBJC_ROOT_CLASS = YES_ERROR;
				CLANG_WARN_UNREACHABLE_CODE = YES;
				CLANG_WARN__DUPLICATE_METHOD_MATCH = YES;
				"CODE_SIGN_IDENTITY[sdk=iphoneos*]" = "iPhone Developer";
				COPY_PHASE_STRIP = YES;
				ENABLE_NS_ASSERTIONS = NO;
				ENABLE_STRICT_OBJC_MSGSEND = YES;
				GCC_C_LANGUAGE_STANDARD = gnu99;
				GCC_WARN_64_TO_32_BIT_CONVERSION = YES;
				GCC_WARN_ABOUT_RETURN_TYPE = YES_ERROR;
				GCC_WARN_UNDECLARED_SELECTOR = YES;
				GCC_WARN_UNINITIALIZED_AUTOS = YES_AGGRESSIVE;
				GCC_WARN_UNUSED_FUNCTION = YES;
				GCC_WARN_UNUSED_VARIABLE = YES;
				IPHONEOS_DEPLOYMENT_TARGET = 8.2;
				MTL_ENABLE_DEBUG_INFO = NO;
				SDKROOT = iphoneos;
				TARGETED_DEVICE_FAMILY = "1,2";
				VALIDATE_PRODUCT = YES;
			};
			name = Release;
		};
		E66FBBEC1A1D988B0099FA40 /* Debug */ = {
			isa = XCBuildConfiguration;
			buildSettings = {
				ASSETCATALOG_COMPILER_APPICON_NAME = AppIcon;
				INFOPLIST_FILE = V2EX_iOS/Info.plist;
				LD_RUNPATH_SEARCH_PATHS = "$(inherited) @executable_path/Frameworks";
				PRODUCT_NAME = "$(TARGET_NAME)";
			};
			name = Debug;
		};
		E66FBBED1A1D988B0099FA40 /* Release */ = {
			isa = XCBuildConfiguration;
			buildSettings = {
				ASSETCATALOG_COMPILER_APPICON_NAME = AppIcon;
				INFOPLIST_FILE = V2EX_iOS/Info.plist;
				LD_RUNPATH_SEARCH_PATHS = "$(inherited) @executable_path/Frameworks";
				PRODUCT_NAME = "$(TARGET_NAME)";
			};
			name = Release;
		};
		E66FBBEF1A1D988B0099FA40 /* Debug */ = {
			isa = XCBuildConfiguration;
			buildSettings = {
				BUNDLE_LOADER = "$(TEST_HOST)";
				FRAMEWORK_SEARCH_PATHS = (
					"$(SDKROOT)/Developer/Library/Frameworks",
					"$(inherited)",
				);
				GCC_PREPROCESSOR_DEFINITIONS = (
					"DEBUG=1",
					"$(inherited)",
				);
				INFOPLIST_FILE = V2EX_iOSTests/Info.plist;
				LD_RUNPATH_SEARCH_PATHS = "$(inherited) @executable_path/Frameworks @loader_path/Frameworks";
				PRODUCT_NAME = "$(TARGET_NAME)";
				TEST_HOST = "$(BUILT_PRODUCTS_DIR)/V2EX_iOS.app/V2EX_iOS";
			};
			name = Debug;
		};
		E66FBBF01A1D988B0099FA40 /* Release */ = {
			isa = XCBuildConfiguration;
			buildSettings = {
				BUNDLE_LOADER = "$(TEST_HOST)";
				FRAMEWORK_SEARCH_PATHS = (
					"$(SDKROOT)/Developer/Library/Frameworks",
					"$(inherited)",
				);
				INFOPLIST_FILE = V2EX_iOSTests/Info.plist;
				LD_RUNPATH_SEARCH_PATHS = "$(inherited) @executable_path/Frameworks @loader_path/Frameworks";
				PRODUCT_NAME = "$(TARGET_NAME)";
				TEST_HOST = "$(BUILT_PRODUCTS_DIR)/V2EX_iOS.app/V2EX_iOS";
			};
			name = Release;
		};
/* End XCBuildConfiguration section */

/* Begin XCConfigurationList section */
		E66FBBC71A1D988B0099FA40 /* Build configuration list for PBXProject "V2EX_iOS" */ = {
			isa = XCConfigurationList;
			buildConfigurations = (
				E66FBBE91A1D988B0099FA40 /* Debug */,
				E66FBBEA1A1D988B0099FA40 /* Release */,
			);
			defaultConfigurationIsVisible = 0;
			defaultConfigurationName = Release;
		};
		E66FBBEB1A1D988B0099FA40 /* Build configuration list for PBXNativeTarget "V2EX_iOS" */ = {
			isa = XCConfigurationList;
			buildConfigurations = (
				E66FBBEC1A1D988B0099FA40 /* Debug */,
				E66FBBED1A1D988B0099FA40 /* Release */,
			);
			defaultConfigurationIsVisible = 0;
		};
		E66FBBEE1A1D988B0099FA40 /* Build configuration list for PBXNativeTarget "V2EX_iOSTests" */ = {
			isa = XCConfigurationList;
			buildConfigurations = (
				E66FBBEF1A1D988B0099FA40 /* Debug */,
				E66FBBF01A1D988B0099FA40 /* Release */,
			);
			defaultConfigurationIsVisible = 0;
		};
/* End XCConfigurationList section */
	};
	rootObject = E66FBBC41A1D988B0099FA40 /* Project object */;
}
